
Microsoft Visual Studio Solution File, Format Version 12.00
Project("{FAE04EC0-301F-11D3-BF4B-00C04F79EFBC}") = "MauiReactorShellExample", "MauiReactorShellExample.csproj", "{13BCB757-E79D-4B38-9AF0-F0E719EA491C}"
EndProject
Global
	GlobalSection(SolutionConfigurationPlatforms) = preSolution
		Debug|Any CPU = Debug|Any CPU
		Release|Any CPU = Release|Any CPU
	EndGlobalSection
	GlobalSection(ProjectConfigurationPlatforms) = postSolution
		{13BCB757-E79D-4B38-9AF0-F0E719EA491C}.Debug|Any CPU.ActiveCfg = Debug|Any CPU
		{13BCB757-E79D-4B38-9AF0-F0E719EA491C}.Debug|Any CPU.Build.0 = Debug|Any CPU
		{13BCB757-E79D-4B38-9AF0-F0E719EA491C}.Release|Any CPU.ActiveCfg = Release|Any CPU
		{13BCB757-E79D-4B38-9AF0-F0E719EA491C}.Release|Any CPU.Build.0 = Release|Any CPU
	EndGlobalSection
EndGlobal
